{
  "requires": true,
  "lockfileVersion": 1,
  "dependencies": {
    "@headlessui/react": {
      "version": "1.4.1",
      "resolved": "https://registry.npmjs.org/@headlessui/react/-/react-1.4.1.tgz",
      "integrity": "sha512-gL6Ns5xQM57cZBzX6IVv6L7nsam8rDEpRhs5fg28SN64ikfmuuMgunc+Rw5C1cMScnvFM+cz32ueVrlSFEVlSg=="
    }
  }
}
